
Microsoft Visual Studio Solution File, Format Version 12.00
# Visual Studio Version 16
VisualStudioVersion = 16.0.29709.97
MinimumVisualStudioVersion = 10.0.40219.1
Project("{FAE04EC0-301F-11D3-BF4B-00C04F79EFBC}") = "week10", "week10\week10.csproj", "{DEA6C38B-A2E7-4A86-8DA9-E4DD35908EBF}"
EndProject
Project("{FAE04EC0-301F-11D3-BF4B-00C04F79EFBC}") = "DataManagement", "DataManagement\DataManagement.csproj", "{039D459F-B109-49CF-BBD4-B979B8458849}"
EndProject
Global
	GlobalSection(SolutionConfigurationPlatforms) = preSolution
		Debug|Any CPU = Debug|Any CPU
		Release|Any CPU = Release|Any CPU
	EndGlobalSection
	GlobalSection(ProjectConfigurationPlatforms) = postSolution
		{DEA6C38B-A2E7-4A86-8DA9-E4DD35908EBF}.Debug|Any CPU.ActiveCfg = Debug|Any CPU
		{DEA6C38B-A2E7-4A86-8DA9-E4DD35908EBF}.Debug|Any CPU.Build.0 = Debug|Any CPU
		{DEA6C38B-A2E7-4A86-8DA9-E4DD35908EBF}.Release|Any CPU.ActiveCfg = Release|Any CPU
		{DEA6C38B-A2E7-4A86-8DA9-E4DD35908EBF}.Release|Any CPU.Build.0 = Release|Any CPU
		{039D459F-B109-49CF-BBD4-B979B8458849}.Debug|Any CPU.ActiveCfg = Debug|Any CPU
		{039D459F-B109-49CF-BBD4-B979B8458849}.Debug|Any CPU.Build.0 = Debug|Any CPU
		{039D459F-B109-49CF-BBD4-B979B8458849}.Release|Any CPU.ActiveCfg = Release|Any CPU
		{039D459F-B109-49CF-BBD4-B979B8458849}.Release|Any CPU.Build.0 = Release|Any CPU
	EndGlobalSection
	GlobalSection(SolutionProperties) = preSolution
		HideSolutionNode = FALSE
	EndGlobalSection
	GlobalSection(ExtensibilityGlobals) = postSolution
		SolutionGuid = {E2D82B2C-8E51-4F4D-8E7E-6C73E715043A}
	EndGlobalSection
EndGlobal
